{
  "nodes": {
    "nix-filter": {
      "locked": {
        "lastModified": 1710156097,
        "narHash": "sha256-1Wvk8UP7PXdf8bCCaEoMnOT1qe5/Duqgj+rL8sRQsSM=",
        "owner": "numtide",
        "repo": "nix-filter",
        "rev": "3342559a24e85fc164b295c3444e8a139924675b",
        "type": "github"
      },
      "original": {
        "owner": "numtide",
        "repo": "nix-filter",
        "type": "github"
      }
    },
    "nixpkgs": {
      "locked": {
        "lastModified": 1726652927,
        "narHash": "sha256-WO6Lmbn37PlamY2fDg3B187THkSKU/W01z8SxoIqJd0=",
        "owner": "NixOS",
        "repo": "nixpkgs",
        "rev": "294eb5975def0caa718fca92dc5a9d656ae392a9",
        "type": "github"
      },
      "original": {
        "owner": "NixOS",
        "ref": "nixpkgs-unstable",
        "repo": "nixpkgs",
        "type": "github"
      }
    },
    "root": {
      "inputs": {
        "nix-filter": "nix-filter",
        "nixpkgs": "nixpkgs",
        "rust-overlay": "rust-overlay"
      }
    },
    "rust-overlay": {
      "inputs": {
        "nixpkgs": [
          "nixpkgs"
        ]
      },
      "locked": {
        "lastModified": 1728095260,
        "narHash": "sha256-X62hA5ivYLY5G5+mXI6l9eUDkgi6Wu/7QUrwXhJ09oo=",
        "owner": "oxalica",
        "repo": "rust-overlay",
        "rev": "d1d2532ab267cfe6e40dff73fbaf34436c406d26",
        "type": "github"
      },
      "original": {
        "owner": "oxalica",
        "repo": "rust-overlay",
        "type": "github"
      }
    }
  },
  "root": "root",
  "version": 7
}
